
Microsoft Visual Studio Solution File, Format Version 12.00
# Visual Studio Version 16
VisualStudioVersion = 16.0.30021.99
MinimumVisualStudioVersion = 10.0.40219.1
Project("{FAE04EC0-301F-11D3-BF4B-00C04F79EFBC}") = "MeLi.Planets.Weather", "MeLi.Planets.Weather\MeLi.Planets.Weather.csproj", "{CAC20BA7-F930-4B26-A62D-A4A2490DBAF2}"
EndProject
Project("{FAE04EC0-301F-11D3-BF4B-00C04F79EFBC}") = "MeLi.Planets.Weather.Services", "MeLi.Planets.Weather.Services\MeLi.Planets.Weather.Services.csproj", "{FDF80718-3A60-491F-94EE-F73B53E7B3D9}"
EndProject
Project("{FAE04EC0-301F-11D3-BF4B-00C04F79EFBC}") = "MeLi.Plantes.Weather.DataAccess", "MeLi.Plantes.Weather.DataAccess\MeLi.Plantes.Weather.DataAccess.csproj", "{1CBF7FFC-575B-41CE-8F5C-1D4704BCF1DF}"
EndProject
Global
	GlobalSection(SolutionConfigurationPlatforms) = preSolution
		Debug|Any CPU = Debug|Any CPU
		Release|Any CPU = Release|Any CPU
	EndGlobalSection
	GlobalSection(ProjectConfigurationPlatforms) = postSolution
		{CAC20BA7-F930-4B26-A62D-A4A2490DBAF2}.Debug|Any CPU.ActiveCfg = Debug|Any CPU
		{CAC20BA7-F930-4B26-A62D-A4A2490DBAF2}.Debug|Any CPU.Build.0 = Debug|Any CPU
		{CAC20BA7-F930-4B26-A62D-A4A2490DBAF2}.Release|Any CPU.ActiveCfg = Release|Any CPU
		{CAC20BA7-F930-4B26-A62D-A4A2490DBAF2}.Release|Any CPU.Build.0 = Release|Any CPU
		{FDF80718-3A60-491F-94EE-F73B53E7B3D9}.Debug|Any CPU.ActiveCfg = Debug|Any CPU
		{FDF80718-3A60-491F-94EE-F73B53E7B3D9}.Debug|Any CPU.Build.0 = Debug|Any CPU
		{FDF80718-3A60-491F-94EE-F73B53E7B3D9}.Release|Any CPU.ActiveCfg = Release|Any CPU
		{FDF80718-3A60-491F-94EE-F73B53E7B3D9}.Release|Any CPU.Build.0 = Release|Any CPU
		{1CBF7FFC-575B-41CE-8F5C-1D4704BCF1DF}.Debug|Any CPU.ActiveCfg = Debug|Any CPU
		{1CBF7FFC-575B-41CE-8F5C-1D4704BCF1DF}.Debug|Any CPU.Build.0 = Debug|Any CPU
		{1CBF7FFC-575B-41CE-8F5C-1D4704BCF1DF}.Release|Any CPU.ActiveCfg = Release|Any CPU
		{1CBF7FFC-575B-41CE-8F5C-1D4704BCF1DF}.Release|Any CPU.Build.0 = Release|Any CPU
	EndGlobalSection
	GlobalSection(SolutionProperties) = preSolution
		HideSolutionNode = FALSE
	EndGlobalSection
	GlobalSection(ExtensibilityGlobals) = postSolution
		SolutionGuid = {7B77D6E2-1DCE-482A-90C3-C8C47E49E2F7}
	EndGlobalSection
EndGlobal
